// !$*UTF8*$!
{
	archiveVersion = 1;
	classes = {
	};
	objectVersion = 46;
	objects = {

/* Begin PBXBuildFile section */
		EB0F904B162A5DE7003EB0E8 /* SenTestingKit.framework in Frameworks */ = {isa = PBXBuildFile; fileRef = EBE31A6815F1DC9700CCC7EC /* SenTestingKit.framework */; };
		EB0F904C162A5DE7003EB0E8 /* UIKit.framework in Frameworks */ = {isa = PBXBuildFile; fileRef = EB1A2A6715AF08450085A39E /* UIKit.framework */; };
		EB0F904D162A5DE7003EB0E8 /* Foundation.framework in Frameworks */ = {isa = PBXBuildFile; fileRef = EB1A2A6915AF08450085A39E /* Foundation.framework */; };
		EB0F9053162A5DE8003EB0E8 /* InfoPlist.strings in Resources */ = {isa = PBXBuildFile; fileRef = EB0F9051162A5DE8003EB0E8 /* InfoPlist.strings */; };
		EB0F9060162A5E5A003EB0E8 /* REResponderTests.m in Sources */ = {isa = PBXBuildFile; fileRef = EB0F905F162A5E5A003EB0E8 /* REResponderTests.m */; };
		EB0F9067162ACD7D003EB0E8 /* REObserverTests.m in Sources */ = {isa = PBXBuildFile; fileRef = EB0F9066162ACD7D003EB0E8 /* REObserverTests.m */; };
		EB1A2A6815AF08450085A39E /* UIKit.framework in Frameworks */ = {isa = PBXBuildFile; fileRef = EB1A2A6715AF08450085A39E /* UIKit.framework */; };
		EB1A2A6A15AF08450085A39E /* Foundation.framework in Frameworks */ = {isa = PBXBuildFile; fileRef = EB1A2A6915AF08450085A39E /* Foundation.framework */; };
		EB1A2A6C15AF08450085A39E /* CoreGraphics.framework in Frameworks */ = {isa = PBXBuildFile; fileRef = EB1A2A6B15AF08450085A39E /* CoreGraphics.framework */; };
		EB1A2A7215AF08450085A39E /* InfoPlist.strings in Resources */ = {isa = PBXBuildFile; fileRef = EB1A2A7015AF08450085A39E /* InfoPlist.strings */; };
		EB1A2A7415AF08450085A39E /* main.m in Sources */ = {isa = PBXBuildFile; fileRef = EB1A2A7315AF08450085A39E /* main.m */; };
		EB1A2A7815AF08450085A39E /* RSAppDelegate.m in Sources */ = {isa = PBXBuildFile; fileRef = EB1A2A7715AF08450085A39E /* RSAppDelegate.m */; };
		EB1A2A9115AF08CC0085A39E /* NSObject+REObserver.m in Sources */ = {isa = PBXBuildFile; fileRef = EB1A2A8C15AF08CC0085A39E /* NSObject+REObserver.m */; };
		EB1A2A9215AF08CC0085A39E /* NSObject+REResponder.m in Sources */ = {isa = PBXBuildFile; fileRef = EB1A2A8E15AF08CC0085A39E /* NSObject+REResponder.m */; };
		EB1A2A9315AF08CC0085A39E /* REUtil.m in Sources */ = {isa = PBXBuildFile; fileRef = EB1A2A9015AF08CC0085A39E /* REUtil.m */; };
		EB1A2AA315AF0B3B0085A39E /* RSMasterViewController.m in Sources */ = {isa = PBXBuildFile; fileRef = EB1A2AA115AF0B3B0085A39E /* RSMasterViewController.m */; };
		EBA41ED7167D9EE50052D11E /* RETestObject.m in Sources */ = {isa = PBXBuildFile; fileRef = EBA41ED6167D9EE50052D11E /* RETestObject.m */; };
		EBA41EDA167DC5440052D11E /* REUtilTests.m in Sources */ = {isa = PBXBuildFile; fileRef = EBA41ED9167DC5440052D11E /* REUtilTests.m */; };
/* End PBXBuildFile section */

/* Begin PBXFileReference section */
		EB0F904A162A5DE7003EB0E8 /* REKitTests.octest */ = {isa = PBXFileReference; explicitFileType = wrapper.cfbundle; includeInIndex = 0; path = REKitTests.octest; sourceTree = BUILT_PRODUCTS_DIR; };
		EB0F9050162A5DE8003EB0E8 /* REKitTests-Info.plist */ = {isa = PBXFileReference; lastKnownFileType = text.plist.xml; path = "REKitTests-Info.plist"; sourceTree = "<group>"; };
		EB0F9052162A5DE8003EB0E8 /* en */ = {isa = PBXFileReference; lastKnownFileType = text.plist.strings; name = en; path = en.lproj/InfoPlist.strings; sourceTree = "<group>"; };
		EB0F9057162A5DE8003EB0E8 /* REKitTests-Prefix.pch */ = {isa = PBXFileReference; lastKnownFileType = sourcecode.c.h; path = "REKitTests-Prefix.pch"; sourceTree = "<group>"; };
		EB0F905E162A5E5A003EB0E8 /* REResponderTests.h */ = {isa = PBXFileReference; fileEncoding = 4; lastKnownFileType = sourcecode.c.h; path = REResponderTests.h; sourceTree = "<group>"; };
		EB0F905F162A5E5A003EB0E8 /* REResponderTests.m */ = {isa = PBXFileReference; fileEncoding = 4; lastKnownFileType = sourcecode.c.objc; path = REResponderTests.m; sourceTree = "<group>"; };
		EB0F9065162ACD7D003EB0E8 /* REObserverTests.h */ = {isa = PBXFileReference; fileEncoding = 4; lastKnownFileType = sourcecode.c.h; path = REObserverTests.h; sourceTree = "<group>"; };
		EB0F9066162ACD7D003EB0E8 /* REObserverTests.m */ = {isa = PBXFileReference; fileEncoding = 4; lastKnownFileType = sourcecode.c.objc; path = REObserverTests.m; sourceTree = "<group>"; };
		EB1A2A6315AF08450085A39E /* REKitSample.app */ = {isa = PBXFileReference; explicitFileType = wrapper.application; includeInIndex = 0; path = REKitSample.app; sourceTree = BUILT_PRODUCTS_DIR; };
		EB1A2A6715AF08450085A39E /* UIKit.framework */ = {isa = PBXFileReference; lastKnownFileType = wrapper.framework; name = UIKit.framework; path = System/Library/Frameworks/UIKit.framework; sourceTree = SDKROOT; };
		EB1A2A6915AF08450085A39E /* Foundation.framework */ = {isa = PBXFileReference; lastKnownFileType = wrapper.framework; name = Foundation.framework; path = System/Library/Frameworks/Foundation.framework; sourceTree = SDKROOT; };
		EB1A2A6B15AF08450085A39E /* CoreGraphics.framework */ = {isa = PBXFileReference; lastKnownFileType = wrapper.framework; name = CoreGraphics.framework; path = System/Library/Frameworks/CoreGraphics.framework; sourceTree = SDKROOT; };
		EB1A2A6F15AF08450085A39E /* REKitSample-Info.plist */ = {isa = PBXFileReference; lastKnownFileType = text.plist.xml; path = "REKitSample-Info.plist"; sourceTree = "<group>"; };
		EB1A2A7115AF08450085A39E /* en */ = {isa = PBXFileReference; lastKnownFileType = text.plist.strings; name = en; path = en.lproj/InfoPlist.strings; sourceTree = "<group>"; };
		EB1A2A7315AF08450085A39E /* main.m */ = {isa = PBXFileReference; lastKnownFileType = sourcecode.c.objc; path = main.m; sourceTree = "<group>"; };
		EB1A2A7515AF08450085A39E /* REKitSample-Prefix.pch */ = {isa = PBXFileReference; lastKnownFileType = sourcecode.c.h; path = "REKitSample-Prefix.pch"; sourceTree = "<group>"; };
		EB1A2A7615AF08450085A39E /* RSAppDelegate.h */ = {isa = PBXFileReference; lastKnownFileType = sourcecode.c.h; path = RSAppDelegate.h; sourceTree = "<group>"; };
		EB1A2A7715AF08450085A39E /* RSAppDelegate.m */ = {isa = PBXFileReference; lastKnownFileType = sourcecode.c.objc; lineEnding = 0; path = RSAppDelegate.m; sourceTree = "<group>"; xcLanguageSpecificationIdentifier = xcode.lang.objc; };
		EB1A2A8B15AF08CC0085A39E /* NSObject+REObserver.h */ = {isa = PBXFileReference; fileEncoding = 4; lastKnownFileType = sourcecode.c.h; lineEnding = 0; name = "NSObject+REObserver.h"; path = "../REKit/NSObject+REObserver.h"; sourceTree = "<group>"; xcLanguageSpecificationIdentifier = xcode.lang.objcpp; };
		EB1A2A8C15AF08CC0085A39E /* NSObject+REObserver.m */ = {isa = PBXFileReference; fileEncoding = 4; lastKnownFileType = sourcecode.c.objc; lineEnding = 0; name = "NSObject+REObserver.m"; path = "../REKit/NSObject+REObserver.m"; sourceTree = "<group>"; xcLanguageSpecificationIdentifier = xcode.lang.objc; };
		EB1A2A8D15AF08CC0085A39E /* NSObject+REResponder.h */ = {isa = PBXFileReference; fileEncoding = 4; lastKnownFileType = sourcecode.c.h; name = "NSObject+REResponder.h"; path = "../REKit/NSObject+REResponder.h"; sourceTree = "<group>"; };
		EB1A2A8E15AF08CC0085A39E /* NSObject+REResponder.m */ = {isa = PBXFileReference; fileEncoding = 4; lastKnownFileType = sourcecode.c.objc; lineEnding = 0; name = "NSObject+REResponder.m"; path = "../REKit/NSObject+REResponder.m"; sourceTree = "<group>"; xcLanguageSpecificationIdentifier = xcode.lang.objc; };
		EB1A2A8F15AF08CC0085A39E /* REUtil.h */ = {isa = PBXFileReference; fileEncoding = 4; lastKnownFileType = sourcecode.c.h; name = REUtil.h; path = ../REKit/REUtil.h; sourceTree = "<group>"; };
		EB1A2A9015AF08CC0085A39E /* REUtil.m */ = {isa = PBXFileReference; fileEncoding = 4; lastKnownFileType = sourcecode.c.objc; name = REUtil.m; path = ../REKit/REUtil.m; sourceTree = "<group>"; };
		EB1A2A9F15AF0A8E0085A39E /* REKit.h */ = {isa = PBXFileReference; fileEncoding = 4; lastKnownFileType = sourcecode.c.h; name = REKit.h; path = ../REKit/REKit.h; sourceTree = "<group>"; };
		EB1A2AA015AF0B3B0085A39E /* RSMasterViewController.h */ = {isa = PBXFileReference; fileEncoding = 4; lastKnownFileType = sourcecode.c.h; path = RSMasterViewController.h; sourceTree = "<group>"; };
		EB1A2AA115AF0B3B0085A39E /* RSMasterViewController.m */ = {isa = PBXFileReference; fileEncoding = 4; lastKnownFileType = sourcecode.c.objc; path = RSMasterViewController.m; sourceTree = "<group>"; };
		EBA41ED5167D9EE50052D11E /* RETestObject.h */ = {isa = PBXFileReference; fileEncoding = 4; lastKnownFileType = sourcecode.c.h; path = RETestObject.h; sourceTree = "<group>"; };
		EBA41ED6167D9EE50052D11E /* RETestObject.m */ = {isa = PBXFileReference; fileEncoding = 4; lastKnownFileType = sourcecode.c.objc; path = RETestObject.m; sourceTree = "<group>"; };
		EBA41ED8167DC5440052D11E /* REUtilTests.h */ = {isa = PBXFileReference; fileEncoding = 4; lastKnownFileType = sourcecode.c.h; path = REUtilTests.h; sourceTree = "<group>"; };
		EBA41ED9167DC5440052D11E /* REUtilTests.m */ = {isa = PBXFileReference; fileEncoding = 4; lastKnownFileType = sourcecode.c.objc; path = REUtilTests.m; sourceTree = "<group>"; };
		EBE31A6815F1DC9700CCC7EC /* SenTestingKit.framework */ = {isa = PBXFileReference; lastKnownFileType = wrapper.framework; name = SenTestingKit.framework; path = Library/Frameworks/SenTestingKit.framework; sourceTree = DEVELOPER_DIR; };
/* End PBXFileReference section */

/* Begin PBXFrameworksBuildPhase section */
		EB0F9046162A5DE7003EB0E8 /* Frameworks */ = {
			isa = PBXFrameworksBuildPhase;
			buildActionMask = 2147483647;
			files = (
				EB0F904B162A5DE7003EB0E8 /* SenTestingKit.framework in Frameworks */,
				EB0F904C162A5DE7003EB0E8 /* UIKit.framework in Frameworks */,
				EB0F904D162A5DE7003EB0E8 /* Foundation.framework in Frameworks */,
			);
			runOnlyForDeploymentPostprocessing = 0;
		};
		EB1A2A6015AF08450085A39E /* Frameworks */ = {
			isa = PBXFrameworksBuildPhase;
			buildActionMask = 2147483647;
			files = (
				EB1A2A6815AF08450085A39E /* UIKit.framework in Frameworks */,
				EB1A2A6A15AF08450085A39E /* Foundation.framework in Frameworks */,
				EB1A2A6C15AF08450085A39E /* CoreGraphics.framework in Frameworks */,
			);
			runOnlyForDeploymentPostprocessing = 0;
		};
/* End PBXFrameworksBuildPhase section */

/* Begin PBXGroup section */
		EB0F904E162A5DE7003EB0E8 /* REKitTests */ = {
			isa = PBXGroup;
			children = (
				EB0F9065162ACD7D003EB0E8 /* REObserverTests.h */,
				EB0F9066162ACD7D003EB0E8 /* REObserverTests.m */,
				EB0F905E162A5E5A003EB0E8 /* REResponderTests.h */,
				EB0F905F162A5E5A003EB0E8 /* REResponderTests.m */,
				EBA41ED5167D9EE50052D11E /* RETestObject.h */,
				EBA41ED6167D9EE50052D11E /* RETestObject.m */,
				EBA41ED8167DC5440052D11E /* REUtilTests.h */,
				EBA41ED9167DC5440052D11E /* REUtilTests.m */,
				EB0F904F162A5DE8003EB0E8 /* Supporting Files */,
			);
			path = REKitTests;
			sourceTree = "<group>";
		};
		EB0F904F162A5DE8003EB0E8 /* Supporting Files */ = {
			isa = PBXGroup;
			children = (
				EB0F9050162A5DE8003EB0E8 /* REKitTests-Info.plist */,
				EB0F9051162A5DE8003EB0E8 /* InfoPlist.strings */,
				EB0F9057162A5DE8003EB0E8 /* REKitTests-Prefix.pch */,
			);
			name = "Supporting Files";
			sourceTree = "<group>";
		};
		EB1A2A5815AF08450085A39E = {
			isa = PBXGroup;
			children = (
				EB1A2A9515AF08D30085A39E /* REKit */,
				EB1A2A6D15AF08450085A39E /* REKitSample */,
				EB0F904E162A5DE7003EB0E8 /* REKitTests */,
				EB1A2A6615AF08450085A39E /* Frameworks */,
				EB1A2A6415AF08450085A39E /* Products */,
			);
			sourceTree = "<group>";
		};
		EB1A2A6415AF08450085A39E /* Products */ = {
			isa = PBXGroup;
			children = (
				EB1A2A6315AF08450085A39E /* REKitSample.app */,
				EB0F904A162A5DE7003EB0E8 /* REKitTests.octest */,
			);
			name = Products;
			sourceTree = "<group>";
		};
		EB1A2A6615AF08450085A39E /* Frameworks */ = {
			isa = PBXGroup;
			children = (
				EB1A2A6715AF08450085A39E /* UIKit.framework */,
				EB1A2A6915AF08450085A39E /* Foundation.framework */,
				EB1A2A6B15AF08450085A39E /* CoreGraphics.framework */,
				EBE31A6815F1DC9700CCC7EC /* SenTestingKit.framework */,
			);
			name = Frameworks;
			sourceTree = "<group>";
		};
		EB1A2A6D15AF08450085A39E /* REKitSample */ = {
			isa = PBXGroup;
			children = (
				EB1A2A7615AF08450085A39E /* RSAppDelegate.h */,
				EB1A2A7715AF08450085A39E /* RSAppDelegate.m */,
				EB1A2AA015AF0B3B0085A39E /* RSMasterViewController.h */,
				EB1A2AA115AF0B3B0085A39E /* RSMasterViewController.m */,
				EB1A2A6E15AF08450085A39E /* Supporting Files */,
			);
			path = REKitSample;
			sourceTree = "<group>";
		};
		EB1A2A6E15AF08450085A39E /* Supporting Files */ = {
			isa = PBXGroup;
			children = (
				EB1A2A7015AF08450085A39E /* InfoPlist.strings */,
				EB1A2A7315AF08450085A39E /* main.m */,
				EB1A2A6F15AF08450085A39E /* REKitSample-Info.plist */,
				EB1A2A7515AF08450085A39E /* REKitSample-Prefix.pch */,
			);
			name = "Supporting Files";
			sourceTree = "<group>";
		};
		EB1A2A9515AF08D30085A39E /* REKit */ = {
			isa = PBXGroup;
			children = (
				EB1A2A9F15AF0A8E0085A39E /* REKit.h */,
				EB1A2A8B15AF08CC0085A39E /* NSObject+REObserver.h */,
				EB1A2A8C15AF08CC0085A39E /* NSObject+REObserver.m */,
				EB1A2A8D15AF08CC0085A39E /* NSObject+REResponder.h */,
				EB1A2A8E15AF08CC0085A39E /* NSObject+REResponder.m */,
				EB1A2A8F15AF08CC0085A39E /* REUtil.h */,
				EB1A2A9015AF08CC0085A39E /* REUtil.m */,
			);
			name = REKit;
			sourceTree = "<group>";
		};
/* End PBXGroup section */

/* Begin PBXNativeTarget section */
		EB0F9049162A5DE7003EB0E8 /* REKitTests */ = {
			isa = PBXNativeTarget;
			buildConfigurationList = EB0F9058162A5DE8003EB0E8 /* Build configuration list for PBXNativeTarget "REKitTests" */;
			buildPhases = (
				EB0F9045162A5DE7003EB0E8 /* Sources */,
				EB0F9046162A5DE7003EB0E8 /* Frameworks */,
				EB0F9047162A5DE7003EB0E8 /* Resources */,
				EB0F9048162A5DE7003EB0E8 /* ShellScript */,
			);
			buildRules = (
			);
			dependencies = (
			);
			name = REKitTests;
			productName = REKitTests;
			productReference = EB0F904A162A5DE7003EB0E8 /* REKitTests.octest */;
			productType = "com.apple.product-type.bundle";
		};
		EB1A2A6215AF08450085A39E /* REKitSample */ = {
			isa = PBXNativeTarget;
			buildConfigurationList = EB1A2A8415AF08450085A39E /* Build configuration list for PBXNativeTarget "REKitSample" */;
			buildPhases = (
				EB1A2A5F15AF08450085A39E /* Sources */,
				EB1A2A6015AF08450085A39E /* Frameworks */,
				EB1A2A6115AF08450085A39E /* Resources */,
			);
			buildRules = (
			);
			dependencies = (
			);
			name = REKitSample;
			productName = REKitSample;
			productReference = EB1A2A6315AF08450085A39E /* REKitSample.app */;
			productType = "com.apple.product-type.application";
		};
/* End PBXNativeTarget section */

/* Begin PBXProject section */
		EB1A2A5A15AF08450085A39E /* Project object */ = {
			isa = PBXProject;
			attributes = {
				CLASSPREFIX = RS;
				LastUpgradeCheck = 0430;
			};
			buildConfigurationList = EB1A2A5D15AF08450085A39E /* Build configuration list for PBXProject "REKitSample" */;
			compatibilityVersion = "Xcode 3.2";
			developmentRegion = English;
			hasScannedForEncodings = 0;
			knownRegions = (
				en,
			);
			mainGroup = EB1A2A5815AF08450085A39E;
			productRefGroup = EB1A2A6415AF08450085A39E /* Products */;
			projectDirPath = "";
			projectRoot = "";
			targets = (
				EB1A2A6215AF08450085A39E /* REKitSample */,
				EB0F9049162A5DE7003EB0E8 /* REKitTests */,
			);
		};
/* End PBXProject section */

/* Begin PBXResourcesBuildPhase section */
		EB0F9047162A5DE7003EB0E8 /* Resources */ = {
			isa = PBXResourcesBuildPhase;
			buildActionMask = 2147483647;
			files = (
				EB0F9053162A5DE8003EB0E8 /* InfoPlist.strings in Resources */,
			);
			runOnlyForDeploymentPostprocessing = 0;
		};
		EB1A2A6115AF08450085A39E /* Resources */ = {
			isa = PBXResourcesBuildPhase;
			buildActionMask = 2147483647;
			files = (
				EB1A2A7215AF08450085A39E /* InfoPlist.strings in Resources */,
			);
			runOnlyForDeploymentPostprocessing = 0;
		};
/* End PBXResourcesBuildPhase section */

/* Begin PBXShellScriptBuildPhase section */
		EB0F9048162A5DE7003EB0E8 /* ShellScript */ = {
			isa = PBXShellScriptBuildPhase;
			buildActionMask = 2147483647;
			files = (
			);
			inputPaths = (
			);
			outputPaths = (
			);
			runOnlyForDeploymentPostprocessing = 0;
			shellPath = /bin/sh;
			shellScript = "# Run the unit tests in this test bundle.\n\"${SYSTEM_DEVELOPER_DIR}/Tools/RunUnitTests\"\n";
		};
/* End PBXShellScriptBuildPhase section */

/* Begin PBXSourcesBuildPhase section */
		EB0F9045162A5DE7003EB0E8 /* Sources */ = {
			isa = PBXSourcesBuildPhase;
			buildActionMask = 2147483647;
			files = (
				EB0F9060162A5E5A003EB0E8 /* REResponderTests.m in Sources */,
				EB0F9067162ACD7D003EB0E8 /* REObserverTests.m in Sources */,
				EBA41ED7167D9EE50052D11E /* RETestObject.m in Sources */,
				EBA41EDA167DC5440052D11E /* REUtilTests.m in Sources */,
			);
			runOnlyForDeploymentPostprocessing = 0;
		};
		EB1A2A5F15AF08450085A39E /* Sources */ = {
			isa = PBXSourcesBuildPhase;
			buildActionMask = 2147483647;
			files = (
				EB1A2A7415AF08450085A39E /* main.m in Sources */,
				EB1A2A7815AF08450085A39E /* RSAppDelegate.m in Sources */,
				EB1A2A9115AF08CC0085A39E /* NSObject+REObserver.m in Sources */,
				EB1A2A9215AF08CC0085A39E /* NSObject+REResponder.m in Sources */,
				EB1A2A9315AF08CC0085A39E /* REUtil.m in Sources */,
				EB1A2AA315AF0B3B0085A39E /* RSMasterViewController.m in Sources */,
			);
			runOnlyForDeploymentPostprocessing = 0;
		};
/* End PBXSourcesBuildPhase section */

/* Begin PBXVariantGroup section */
		EB0F9051162A5DE8003EB0E8 /* InfoPlist.strings */ = {
			isa = PBXVariantGroup;
			children = (
				EB0F9052162A5DE8003EB0E8 /* en */,
			);
			name = InfoPlist.strings;
			sourceTree = "<group>";
		};
		EB1A2A7015AF08450085A39E /* InfoPlist.strings */ = {
			isa = PBXVariantGroup;
			children = (
				EB1A2A7115AF08450085A39E /* en */,
			);
			name = InfoPlist.strings;
			sourceTree = "<group>";
		};
/* End PBXVariantGroup section */

/* Begin XCBuildConfiguration section */
		EB0F9059162A5DE8003EB0E8 /* Debug */ = {
			isa = XCBuildConfiguration;
			buildSettings = {
				BUNDLE_LOADER = "$(BUILT_PRODUCTS_DIR)/REKitSample.app/REKitSample";
				CLANG_CXX_LANGUAGE_STANDARD = "gnu++0x";
				CLANG_CXX_LIBRARY = "libc++";
				CLANG_WARN_EMPTY_BODY = YES;
				CLANG_WARN__DUPLICATE_METHOD_MATCH = YES;
				FRAMEWORK_SEARCH_PATHS = (
					"\"$(SDKROOT)/Developer/Library/Frameworks\"",
					"\"$(DEVELOPER_LIBRARY_DIR)/Frameworks\"",
				);
				GCC_PRECOMPILE_PREFIX_HEADER = YES;
				GCC_PREFIX_HEADER = "REKitTests/REKitTests-Prefix.pch";
				INFOPLIST_FILE = "REKitTests/REKitTests-Info.plist";
				IPHONEOS_DEPLOYMENT_TARGET = 5.0;
				PRODUCT_NAME = "$(TARGET_NAME)";
				TEST_HOST = "$(BUNDLE_LOADER)";
				WRAPPER_EXTENSION = octest;
			};
			name = Debug;
		};
		EB0F905A162A5DE8003EB0E8 /* Release */ = {
			isa = XCBuildConfiguration;
			buildSettings = {
				BUNDLE_LOADER = "$(BUILT_PRODUCTS_DIR)/REKitSample.app/REKitSample";
				CLANG_CXX_LANGUAGE_STANDARD = "gnu++0x";
				CLANG_CXX_LIBRARY = "libc++";
				CLANG_WARN_EMPTY_BODY = YES;
				CLANG_WARN__DUPLICATE_METHOD_MATCH = YES;
				FRAMEWORK_SEARCH_PATHS = (
					"\"$(SDKROOT)/Developer/Library/Frameworks\"",
					"\"$(DEVELOPER_LIBRARY_DIR)/Frameworks\"",
				);
				GCC_PRECOMPILE_PREFIX_HEADER = YES;
				GCC_PREFIX_HEADER = "REKitTests/REKitTests-Prefix.pch";
				INFOPLIST_FILE = "REKitTests/REKitTests-Info.plist";
				IPHONEOS_DEPLOYMENT_TARGET = 5.0;
				PRODUCT_NAME = "$(TARGET_NAME)";
				TEST_HOST = "$(BUNDLE_LOADER)";
				WRAPPER_EXTENSION = octest;
			};
			name = Release;
		};
		EB1A2A8215AF08450085A39E /* Debug */ = {
			isa = XCBuildConfiguration;
			buildSettings = {
				ALWAYS_SEARCH_USER_PATHS = NO;
				ARCHS = "$(ARCHS_STANDARD_32_BIT)";
				"CODE_SIGN_IDENTITY[sdk=iphoneos*]" = "iPhone Developer";
				COPY_PHASE_STRIP = NO;
				GCC_C_LANGUAGE_STANDARD = gnu99;
				GCC_DYNAMIC_NO_PIC = NO;
				GCC_OPTIMIZATION_LEVEL = 0;
				GCC_PREPROCESSOR_DEFINITIONS = (
					"DEBUG=1",
					"$(inherited)",
				);
				GCC_SYMBOLS_PRIVATE_EXTERN = NO;
				GCC_VERSION = com.apple.compilers.llvm.clang.1_0;
				GCC_WARN_ABOUT_RETURN_TYPE = YES;
				GCC_WARN_UNINITIALIZED_AUTOS = YES;
				GCC_WARN_UNUSED_VARIABLE = YES;
				IPHONEOS_DEPLOYMENT_TARGET = 5.1;
				SDKROOT = iphoneos;
				TARGETED_DEVICE_FAMILY = "1,2";
			};
			name = Debug;
		};
		EB1A2A8315AF08450085A39E /* Release */ = {
			isa = XCBuildConfiguration;
			buildSettings = {
				ALWAYS_SEARCH_USER_PATHS = NO;
				ARCHS = "$(ARCHS_STANDARD_32_BIT)";
				"CODE_SIGN_IDENTITY[sdk=iphoneos*]" = "iPhone Developer";
				COPY_PHASE_STRIP = YES;
				GCC_C_LANGUAGE_STANDARD = gnu99;
				GCC_VERSION = com.apple.compilers.llvm.clang.1_0;
				GCC_WARN_ABOUT_RETURN_TYPE = YES;
				GCC_WARN_UNINITIALIZED_AUTOS = YES;
				GCC_WARN_UNUSED_VARIABLE = YES;
				IPHONEOS_DEPLOYMENT_TARGET = 5.1;
				OTHER_CFLAGS = "-DNS_BLOCK_ASSERTIONS=1";
				SDKROOT = iphoneos;
				TARGETED_DEVICE_FAMILY = "1,2";
				VALIDATE_PRODUCT = YES;
			};
			name = Release;
		};
		EB1A2A8515AF08450085A39E /* Debug */ = {
			isa = XCBuildConfiguration;
			buildSettings = {
				GCC_PRECOMPILE_PREFIX_HEADER = YES;
				GCC_PREFIX_HEADER = "REKitSample/REKitSample-Prefix.pch";
				INFOPLIST_FILE = "REKitSample/REKitSample-Info.plist";
				IPHONEOS_DEPLOYMENT_TARGET = 5.0;
				PRODUCT_NAME = "$(TARGET_NAME)";
				WRAPPER_EXTENSION = app;
			};
			name = Debug;
		};
		EB1A2A8615AF08450085A39E /* Release */ = {
			isa = XCBuildConfiguration;
			buildSettings = {
				GCC_PRECOMPILE_PREFIX_HEADER = YES;
				GCC_PREFIX_HEADER = "REKitSample/REKitSample-Prefix.pch";
				INFOPLIST_FILE = "REKitSample/REKitSample-Info.plist";
				IPHONEOS_DEPLOYMENT_TARGET = 5.0;
				PRODUCT_NAME = "$(TARGET_NAME)";
				WRAPPER_EXTENSION = app;
			};
			name = Release;
		};
/* End XCBuildConfiguration section */

/* Begin XCConfigurationList section */
		EB0F9058162A5DE8003EB0E8 /* Build configuration list for PBXNativeTarget "REKitTests" */ = {
			isa = XCConfigurationList;
			buildConfigurations = (
				EB0F9059162A5DE8003EB0E8 /* Debug */,
				EB0F905A162A5DE8003EB0E8 /* Release */,
			);
			defaultConfigurationIsVisible = 0;
			defaultConfigurationName = Release;
		};
		EB1A2A5D15AF08450085A39E /* Build configuration list for PBXProject "REKitSample" */ = {
			isa = XCConfigurationList;
			buildConfigurations = (
				EB1A2A8215AF08450085A39E /* Debug */,
				EB1A2A8315AF08450085A39E /* Release */,
			);
			defaultConfigurationIsVisible = 0;
			defaultConfigurationName = Release;
		};
		EB1A2A8415AF08450085A39E /* Build configuration list for PBXNativeTarget "REKitSample" */ = {
			isa = XCConfigurationList;
			buildConfigurations = (
				EB1A2A8515AF08450085A39E /* Debug */,
				EB1A2A8615AF08450085A39E /* Release */,
			);
			defaultConfigurationIsVisible = 0;
			defaultConfigurationName = Release;
		};
/* End XCConfigurationList section */
	};
	rootObject = EB1A2A5A15AF08450085A39E /* Project object */;
}
