// !$*UTF8*$!
{
	archiveVersion = 1;
	classes = {
	};
	objectVersion = 46;
	objects = {

/* Begin PBXBuildFile section */
		EBA42065167DE0ED0052D11E /* UIKit.framework in Frameworks */ = {isa = PBXBuildFile; fileRef = EBA42064167DE0ED0052D11E /* UIKit.framework */; };
		EBA42067167DE0ED0052D11E /* Foundation.framework in Frameworks */ = {isa = PBXBuildFile; fileRef = EBA42066167DE0ED0052D11E /* Foundation.framework */; };
		EBA42069167DE0ED0052D11E /* CoreGraphics.framework in Frameworks */ = {isa = PBXBuildFile; fileRef = EBA42068167DE0ED0052D11E /* CoreGraphics.framework */; };
		EBA4206F167DE0ED0052D11E /* InfoPlist.strings in Resources */ = {isa = PBXBuildFile; fileRef = EBA4206D167DE0ED0052D11E /* InfoPlist.strings */; };
		EBA42071167DE0ED0052D11E /* main.m in Sources */ = {isa = PBXBuildFile; fileRef = EBA42070167DE0ED0052D11E /* main.m */; };
		EBA42075167DE0ED0052D11E /* iRSAppDelegate.m in Sources */ = {isa = PBXBuildFile; fileRef = EBA42074167DE0ED0052D11E /* iRSAppDelegate.m */; };
		EBA42077167DE0ED0052D11E /* Default.png in Resources */ = {isa = PBXBuildFile; fileRef = EBA42076167DE0ED0052D11E /* Default.png */; };
		EBA42079167DE0ED0052D11E /* Default@2x.png in Resources */ = {isa = PBXBuildFile; fileRef = EBA42078167DE0ED0052D11E /* Default@2x.png */; };
		EBA4207B167DE0ED0052D11E /* Default-568h@2x.png in Resources */ = {isa = PBXBuildFile; fileRef = EBA4207A167DE0ED0052D11E /* Default-568h@2x.png */; };
		EBA4207E167DE0ED0052D11E /* iRSViewController.m in Sources */ = {isa = PBXBuildFile; fileRef = EBA4207D167DE0ED0052D11E /* iRSViewController.m */; };
		EBA42081167DE0ED0052D11E /* iRSViewController.xib in Resources */ = {isa = PBXBuildFile; fileRef = EBA4207F167DE0ED0052D11E /* iRSViewController.xib */; };
/* End PBXBuildFile section */

/* Begin PBXFileReference section */
		EBA42060167DE0ED0052D11E /* iOS_REKitSample.app */ = {isa = PBXFileReference; explicitFileType = wrapper.application; includeInIndex = 0; path = iOS_REKitSample.app; sourceTree = BUILT_PRODUCTS_DIR; };
		EBA42064167DE0ED0052D11E /* UIKit.framework */ = {isa = PBXFileReference; lastKnownFileType = wrapper.framework; name = UIKit.framework; path = System/Library/Frameworks/UIKit.framework; sourceTree = SDKROOT; };
		EBA42066167DE0ED0052D11E /* Foundation.framework */ = {isa = PBXFileReference; lastKnownFileType = wrapper.framework; name = Foundation.framework; path = System/Library/Frameworks/Foundation.framework; sourceTree = SDKROOT; };
		EBA42068167DE0ED0052D11E /* CoreGraphics.framework */ = {isa = PBXFileReference; lastKnownFileType = wrapper.framework; name = CoreGraphics.framework; path = System/Library/Frameworks/CoreGraphics.framework; sourceTree = SDKROOT; };
		EBA4206C167DE0ED0052D11E /* iOS_REKitSample-Info.plist */ = {isa = PBXFileReference; lastKnownFileType = text.plist.xml; path = "iOS_REKitSample-Info.plist"; sourceTree = "<group>"; };
		EBA4206E167DE0ED0052D11E /* en */ = {isa = PBXFileReference; lastKnownFileType = text.plist.strings; name = en; path = en.lproj/InfoPlist.strings; sourceTree = "<group>"; };
		EBA42070167DE0ED0052D11E /* main.m */ = {isa = PBXFileReference; lastKnownFileType = sourcecode.c.objc; path = main.m; sourceTree = "<group>"; };
		EBA42072167DE0ED0052D11E /* iOS_REKitSample-Prefix.pch */ = {isa = PBXFileReference; lastKnownFileType = sourcecode.c.h; path = "iOS_REKitSample-Prefix.pch"; sourceTree = "<group>"; };
		EBA42073167DE0ED0052D11E /* iRSAppDelegate.h */ = {isa = PBXFileReference; lastKnownFileType = sourcecode.c.h; path = iRSAppDelegate.h; sourceTree = "<group>"; };
		EBA42074167DE0ED0052D11E /* iRSAppDelegate.m */ = {isa = PBXFileReference; lastKnownFileType = sourcecode.c.objc; path = iRSAppDelegate.m; sourceTree = "<group>"; };
		EBA42076167DE0ED0052D11E /* Default.png */ = {isa = PBXFileReference; lastKnownFileType = image.png; path = Default.png; sourceTree = "<group>"; };
		EBA42078167DE0ED0052D11E /* Default@2x.png */ = {isa = PBXFileReference; lastKnownFileType = image.png; path = "Default@2x.png"; sourceTree = "<group>"; };
		EBA4207A167DE0ED0052D11E /* Default-568h@2x.png */ = {isa = PBXFileReference; lastKnownFileType = image.png; path = "Default-568h@2x.png"; sourceTree = "<group>"; };
		EBA4207C167DE0ED0052D11E /* iRSViewController.h */ = {isa = PBXFileReference; lastKnownFileType = sourcecode.c.h; path = iRSViewController.h; sourceTree = "<group>"; };
		EBA4207D167DE0ED0052D11E /* iRSViewController.m */ = {isa = PBXFileReference; lastKnownFileType = sourcecode.c.objc; path = iRSViewController.m; sourceTree = "<group>"; };
		EBA42080167DE0ED0052D11E /* en */ = {isa = PBXFileReference; lastKnownFileType = file.xib; name = en; path = en.lproj/iRSViewController.xib; sourceTree = "<group>"; };
/* End PBXFileReference section */

/* Begin PBXFrameworksBuildPhase section */
		EBA4205D167DE0ED0052D11E /* Frameworks */ = {
			isa = PBXFrameworksBuildPhase;
			buildActionMask = 2147483647;
			files = (
				EBA42065167DE0ED0052D11E /* UIKit.framework in Frameworks */,
				EBA42067167DE0ED0052D11E /* Foundation.framework in Frameworks */,
				EBA42069167DE0ED0052D11E /* CoreGraphics.framework in Frameworks */,
			);
			runOnlyForDeploymentPostprocessing = 0;
		};
/* End PBXFrameworksBuildPhase section */

/* Begin PBXGroup section */
		EBA42055167DE0ED0052D11E = {
			isa = PBXGroup;
			children = (
				EBA4206A167DE0ED0052D11E /* iOS_REKitSample */,
				EBA42063167DE0ED0052D11E /* Frameworks */,
				EBA42061167DE0ED0052D11E /* Products */,
			);
			sourceTree = "<group>";
		};
		EBA42061167DE0ED0052D11E /* Products */ = {
			isa = PBXGroup;
			children = (
				EBA42060167DE0ED0052D11E /* iOS_REKitSample.app */,
			);
			name = Products;
			sourceTree = "<group>";
		};
		EBA42063167DE0ED0052D11E /* Frameworks */ = {
			isa = PBXGroup;
			children = (
				EBA42064167DE0ED0052D11E /* UIKit.framework */,
				EBA42066167DE0ED0052D11E /* Foundation.framework */,
				EBA42068167DE0ED0052D11E /* CoreGraphics.framework */,
			);
			name = Frameworks;
			sourceTree = "<group>";
		};
		EBA4206A167DE0ED0052D11E /* iOS_REKitSample */ = {
			isa = PBXGroup;
			children = (
				EBA42073167DE0ED0052D11E /* iRSAppDelegate.h */,
				EBA42074167DE0ED0052D11E /* iRSAppDelegate.m */,
				EBA4207C167DE0ED0052D11E /* iRSViewController.h */,
				EBA4207D167DE0ED0052D11E /* iRSViewController.m */,
				EBA4207F167DE0ED0052D11E /* iRSViewController.xib */,
				EBA4206B167DE0ED0052D11E /* Supporting Files */,
			);
			path = iOS_REKitSample;
			sourceTree = "<group>";
		};
		EBA4206B167DE0ED0052D11E /* Supporting Files */ = {
			isa = PBXGroup;
			children = (
				EBA4206C167DE0ED0052D11E /* iOS_REKitSample-Info.plist */,
				EBA4206D167DE0ED0052D11E /* InfoPlist.strings */,
				EBA42070167DE0ED0052D11E /* main.m */,
				EBA42072167DE0ED0052D11E /* iOS_REKitSample-Prefix.pch */,
				EBA42076167DE0ED0052D11E /* Default.png */,
				EBA42078167DE0ED0052D11E /* Default@2x.png */,
				EBA4207A167DE0ED0052D11E /* Default-568h@2x.png */,
			);
			name = "Supporting Files";
			sourceTree = "<group>";
		};
/* End PBXGroup section */

/* Begin PBXNativeTarget section */
		EBA4205F167DE0ED0052D11E /* iOS_REKitSample */ = {
			isa = PBXNativeTarget;
			buildConfigurationList = EBA42084167DE0ED0052D11E /* Build configuration list for PBXNativeTarget "iOS_REKitSample" */;
			buildPhases = (
				EBA4205C167DE0ED0052D11E /* Sources */,
				EBA4205D167DE0ED0052D11E /* Frameworks */,
				EBA4205E167DE0ED0052D11E /* Resources */,
			);
			buildRules = (
			);
			dependencies = (
			);
			name = iOS_REKitSample;
			productName = iOS_REKitSample;
			productReference = EBA42060167DE0ED0052D11E /* iOS_REKitSample.app */;
			productType = "com.apple.product-type.application";
		};
/* End PBXNativeTarget section */

/* Begin PBXProject section */
		EBA42057167DE0ED0052D11E /* Project object */ = {
			isa = PBXProject;
			attributes = {
				CLASSPREFIX = iRS;
				LastUpgradeCheck = 0450;
				ORGANIZATIONNAME = "Kazki Miura";
			};
			buildConfigurationList = EBA4205A167DE0ED0052D11E /* Build configuration list for PBXProject "iOS_REKitSample" */;
			compatibilityVersion = "Xcode 3.2";
			developmentRegion = English;
			hasScannedForEncodings = 0;
			knownRegions = (
				en,
			);
			mainGroup = EBA42055167DE0ED0052D11E;
			productRefGroup = EBA42061167DE0ED0052D11E /* Products */;
			projectDirPath = "";
			projectRoot = "";
			targets = (
				EBA4205F167DE0ED0052D11E /* iOS_REKitSample */,
			);
		};
/* End PBXProject section */

/* Begin PBXResourcesBuildPhase section */
		EBA4205E167DE0ED0052D11E /* Resources */ = {
			isa = PBXResourcesBuildPhase;
			buildActionMask = 2147483647;
			files = (
				EBA4206F167DE0ED0052D11E /* InfoPlist.strings in Resources */,
				EBA42077167DE0ED0052D11E /* Default.png in Resources */,
				EBA42079167DE0ED0052D11E /* Default@2x.png in Resources */,
				EBA4207B167DE0ED0052D11E /* Default-568h@2x.png in Resources */,
				EBA42081167DE0ED0052D11E /* iRSViewController.xib in Resources */,
			);
			runOnlyForDeploymentPostprocessing = 0;
		};
/* End PBXResourcesBuildPhase section */

/* Begin PBXSourcesBuildPhase section */
		EBA4205C167DE0ED0052D11E /* Sources */ = {
			isa = PBXSourcesBuildPhase;
			buildActionMask = 2147483647;
			files = (
				EBA42071167DE0ED0052D11E /* main.m in Sources */,
				EBA42075167DE0ED0052D11E /* iRSAppDelegate.m in Sources */,
				EBA4207E167DE0ED0052D11E /* iRSViewController.m in Sources */,
			);
			runOnlyForDeploymentPostprocessing = 0;
		};
/* End PBXSourcesBuildPhase section */

/* Begin PBXVariantGroup section */
		EBA4206D167DE0ED0052D11E /* InfoPlist.strings */ = {
			isa = PBXVariantGroup;
			children = (
				EBA4206E167DE0ED0052D11E /* en */,
			);
			name = InfoPlist.strings;
			sourceTree = "<group>";
		};
		EBA4207F167DE0ED0052D11E /* iRSViewController.xib */ = {
			isa = PBXVariantGroup;
			children = (
				EBA42080167DE0ED0052D11E /* en */,
			);
			name = iRSViewController.xib;
			sourceTree = "<group>";
		};
/* End PBXVariantGroup section */

/* Begin XCBuildConfiguration section */
		EBA42082167DE0ED0052D11E /* Debug */ = {
			isa = XCBuildConfiguration;
			buildSettings = {
				ALWAYS_SEARCH_USER_PATHS = NO;
				CLANG_CXX_LANGUAGE_STANDARD = "gnu++0x";
				CLANG_CXX_LIBRARY = "libc++";
				CLANG_WARN_EMPTY_BODY = YES;
				CLANG_WARN__DUPLICATE_METHOD_MATCH = YES;
				"CODE_SIGN_IDENTITY[sdk=iphoneos*]" = "iPhone Developer";
				COPY_PHASE_STRIP = NO;
				GCC_C_LANGUAGE_STANDARD = gnu99;
				GCC_DYNAMIC_NO_PIC = NO;
				GCC_OPTIMIZATION_LEVEL = 0;
				GCC_PREPROCESSOR_DEFINITIONS = (
					"DEBUG=1",
					"$(inherited)",
				);
				GCC_SYMBOLS_PRIVATE_EXTERN = NO;
				GCC_WARN_ABOUT_RETURN_TYPE = YES;
				GCC_WARN_UNINITIALIZED_AUTOS = YES;
				GCC_WARN_UNUSED_VARIABLE = YES;
				IPHONEOS_DEPLOYMENT_TARGET = 6.0;
				ONLY_ACTIVE_ARCH = YES;
				SDKROOT = iphoneos;
			};
			name = Debug;
		};
		EBA42083167DE0ED0052D11E /* Release */ = {
			isa = XCBuildConfiguration;
			buildSettings = {
				ALWAYS_SEARCH_USER_PATHS = NO;
				CLANG_CXX_LANGUAGE_STANDARD = "gnu++0x";
				CLANG_CXX_LIBRARY = "libc++";
				CLANG_WARN_EMPTY_BODY = YES;
				CLANG_WARN__DUPLICATE_METHOD_MATCH = YES;
				"CODE_SIGN_IDENTITY[sdk=iphoneos*]" = "iPhone Developer";
				COPY_PHASE_STRIP = YES;
				GCC_C_LANGUAGE_STANDARD = gnu99;
				GCC_WARN_ABOUT_RETURN_TYPE = YES;
				GCC_WARN_UNINITIALIZED_AUTOS = YES;
				GCC_WARN_UNUSED_VARIABLE = YES;
				IPHONEOS_DEPLOYMENT_TARGET = 6.0;
				OTHER_CFLAGS = "-DNS_BLOCK_ASSERTIONS=1";
				SDKROOT = iphoneos;
				VALIDATE_PRODUCT = YES;
			};
			name = Release;
		};
		EBA42085167DE0ED0052D11E /* Debug */ = {
			isa = XCBuildConfiguration;
			buildSettings = {
				GCC_PRECOMPILE_PREFIX_HEADER = YES;
				GCC_PREFIX_HEADER = "iOS_REKitSample/iOS_REKitSample-Prefix.pch";
				INFOPLIST_FILE = "iOS_REKitSample/iOS_REKitSample-Info.plist";
				PRODUCT_NAME = "$(TARGET_NAME)";
				WRAPPER_EXTENSION = app;
			};
			name = Debug;
		};
		EBA42086167DE0ED0052D11E /* Release */ = {
			isa = XCBuildConfiguration;
			buildSettings = {
				GCC_PRECOMPILE_PREFIX_HEADER = YES;
				GCC_PREFIX_HEADER = "iOS_REKitSample/iOS_REKitSample-Prefix.pch";
				INFOPLIST_FILE = "iOS_REKitSample/iOS_REKitSample-Info.plist";
				PRODUCT_NAME = "$(TARGET_NAME)";
				WRAPPER_EXTENSION = app;
			};
			name = Release;
		};
/* End XCBuildConfiguration section */

/* Begin XCConfigurationList section */
		EBA4205A167DE0ED0052D11E /* Build configuration list for PBXProject "iOS_REKitSample" */ = {
			isa = XCConfigurationList;
			buildConfigurations = (
				EBA42082167DE0ED0052D11E /* Debug */,
				EBA42083167DE0ED0052D11E /* Release */,
			);
			defaultConfigurationIsVisible = 0;
			defaultConfigurationName = Release;
		};
		EBA42084167DE0ED0052D11E /* Build configuration list for PBXNativeTarget "iOS_REKitSample" */ = {
			isa = XCConfigurationList;
			buildConfigurations = (
				EBA42085167DE0ED0052D11E /* Debug */,
				EBA42086167DE0ED0052D11E /* Release */,
			);
			defaultConfigurationIsVisible = 0;
		};
/* End XCConfigurationList section */
	};
	rootObject = EBA42057167DE0ED0052D11E /* Project object */;
}
