// !$*UTF8*$!
{
	archiveVersion = 1;
	classes = {
	};
	objectVersion = 46;
	objects = {

/* Begin PBXBuildFile section */
		EBA42039167DE0860052D11E /* Cocoa.framework in Frameworks */ = {isa = PBXBuildFile; fileRef = EBA42038167DE0860052D11E /* Cocoa.framework */; };
		EBA42043167DE0860052D11E /* InfoPlist.strings in Resources */ = {isa = PBXBuildFile; fileRef = EBA42041167DE0860052D11E /* InfoPlist.strings */; };
		EBA42045167DE0860052D11E /* main.m in Sources */ = {isa = PBXBuildFile; fileRef = EBA42044167DE0860052D11E /* main.m */; };
		EBA42049167DE0860052D11E /* Credits.rtf in Resources */ = {isa = PBXBuildFile; fileRef = EBA42047167DE0860052D11E /* Credits.rtf */; };
		EBA4204C167DE0860052D11E /* MRSAppDelegate.m in Sources */ = {isa = PBXBuildFile; fileRef = EBA4204B167DE0860052D11E /* MRSAppDelegate.m */; };
		EBA4204F167DE0860052D11E /* MainMenu.xib in Resources */ = {isa = PBXBuildFile; fileRef = EBA4204D167DE0860052D11E /* MainMenu.xib */; };
/* End PBXBuildFile section */

/* Begin PBXFileReference section */
		EBA42034167DE0860052D11E /* Mac_REKitSample.app */ = {isa = PBXFileReference; explicitFileType = wrapper.application; includeInIndex = 0; path = Mac_REKitSample.app; sourceTree = BUILT_PRODUCTS_DIR; };
		EBA42038167DE0860052D11E /* Cocoa.framework */ = {isa = PBXFileReference; lastKnownFileType = wrapper.framework; name = Cocoa.framework; path = System/Library/Frameworks/Cocoa.framework; sourceTree = SDKROOT; };
		EBA4203B167DE0860052D11E /* AppKit.framework */ = {isa = PBXFileReference; lastKnownFileType = wrapper.framework; name = AppKit.framework; path = System/Library/Frameworks/AppKit.framework; sourceTree = SDKROOT; };
		EBA4203C167DE0860052D11E /* CoreData.framework */ = {isa = PBXFileReference; lastKnownFileType = wrapper.framework; name = CoreData.framework; path = System/Library/Frameworks/CoreData.framework; sourceTree = SDKROOT; };
		EBA4203D167DE0860052D11E /* Foundation.framework */ = {isa = PBXFileReference; lastKnownFileType = wrapper.framework; name = Foundation.framework; path = System/Library/Frameworks/Foundation.framework; sourceTree = SDKROOT; };
		EBA42040167DE0860052D11E /* Mac_REKitSample-Info.plist */ = {isa = PBXFileReference; lastKnownFileType = text.plist.xml; path = "Mac_REKitSample-Info.plist"; sourceTree = "<group>"; };
		EBA42042167DE0860052D11E /* en */ = {isa = PBXFileReference; lastKnownFileType = text.plist.strings; name = en; path = en.lproj/InfoPlist.strings; sourceTree = "<group>"; };
		EBA42044167DE0860052D11E /* main.m */ = {isa = PBXFileReference; lastKnownFileType = sourcecode.c.objc; path = main.m; sourceTree = "<group>"; };
		EBA42046167DE0860052D11E /* Mac_REKitSample-Prefix.pch */ = {isa = PBXFileReference; lastKnownFileType = sourcecode.c.h; path = "Mac_REKitSample-Prefix.pch"; sourceTree = "<group>"; };
		EBA42048167DE0860052D11E /* en */ = {isa = PBXFileReference; lastKnownFileType = text.rtf; name = en; path = en.lproj/Credits.rtf; sourceTree = "<group>"; };
		EBA4204A167DE0860052D11E /* MRSAppDelegate.h */ = {isa = PBXFileReference; lastKnownFileType = sourcecode.c.h; path = MRSAppDelegate.h; sourceTree = "<group>"; };
		EBA4204B167DE0860052D11E /* MRSAppDelegate.m */ = {isa = PBXFileReference; lastKnownFileType = sourcecode.c.objc; path = MRSAppDelegate.m; sourceTree = "<group>"; };
		EBA4204E167DE0860052D11E /* en */ = {isa = PBXFileReference; lastKnownFileType = file.xib; name = en; path = en.lproj/MainMenu.xib; sourceTree = "<group>"; };
/* End PBXFileReference section */

/* Begin PBXFrameworksBuildPhase section */
		EBA42031167DE0860052D11E /* Frameworks */ = {
			isa = PBXFrameworksBuildPhase;
			buildActionMask = 2147483647;
			files = (
				EBA42039167DE0860052D11E /* Cocoa.framework in Frameworks */,
			);
			runOnlyForDeploymentPostprocessing = 0;
		};
/* End PBXFrameworksBuildPhase section */

/* Begin PBXGroup section */
		EBA42029167DE0850052D11E = {
			isa = PBXGroup;
			children = (
				EBA4203E167DE0860052D11E /* Mac_REKitSample */,
				EBA42037167DE0860052D11E /* Frameworks */,
				EBA42035167DE0860052D11E /* Products */,
			);
			sourceTree = "<group>";
		};
		EBA42035167DE0860052D11E /* Products */ = {
			isa = PBXGroup;
			children = (
				EBA42034167DE0860052D11E /* Mac_REKitSample.app */,
			);
			name = Products;
			sourceTree = "<group>";
		};
		EBA42037167DE0860052D11E /* Frameworks */ = {
			isa = PBXGroup;
			children = (
				EBA42038167DE0860052D11E /* Cocoa.framework */,
				EBA4203A167DE0860052D11E /* Other Frameworks */,
			);
			name = Frameworks;
			sourceTree = "<group>";
		};
		EBA4203A167DE0860052D11E /* Other Frameworks */ = {
			isa = PBXGroup;
			children = (
				EBA4203B167DE0860052D11E /* AppKit.framework */,
				EBA4203C167DE0860052D11E /* CoreData.framework */,
				EBA4203D167DE0860052D11E /* Foundation.framework */,
			);
			name = "Other Frameworks";
			sourceTree = "<group>";
		};
		EBA4203E167DE0860052D11E /* Mac_REKitSample */ = {
			isa = PBXGroup;
			children = (
				EBA4204A167DE0860052D11E /* MRSAppDelegate.h */,
				EBA4204B167DE0860052D11E /* MRSAppDelegate.m */,
				EBA4204D167DE0860052D11E /* MainMenu.xib */,
				EBA4203F167DE0860052D11E /* Supporting Files */,
			);
			path = Mac_REKitSample;
			sourceTree = "<group>";
		};
		EBA4203F167DE0860052D11E /* Supporting Files */ = {
			isa = PBXGroup;
			children = (
				EBA42040167DE0860052D11E /* Mac_REKitSample-Info.plist */,
				EBA42041167DE0860052D11E /* InfoPlist.strings */,
				EBA42044167DE0860052D11E /* main.m */,
				EBA42046167DE0860052D11E /* Mac_REKitSample-Prefix.pch */,
				EBA42047167DE0860052D11E /* Credits.rtf */,
			);
			name = "Supporting Files";
			sourceTree = "<group>";
		};
/* End PBXGroup section */

/* Begin PBXNativeTarget section */
		EBA42033167DE0860052D11E /* Mac_REKitSample */ = {
			isa = PBXNativeTarget;
			buildConfigurationList = EBA42052167DE0860052D11E /* Build configuration list for PBXNativeTarget "Mac_REKitSample" */;
			buildPhases = (
				EBA42030167DE0860052D11E /* Sources */,
				EBA42031167DE0860052D11E /* Frameworks */,
				EBA42032167DE0860052D11E /* Resources */,
			);
			buildRules = (
			);
			dependencies = (
			);
			name = Mac_REKitSample;
			productName = Mac_REKitSample;
			productReference = EBA42034167DE0860052D11E /* Mac_REKitSample.app */;
			productType = "com.apple.product-type.application";
		};
/* End PBXNativeTarget section */

/* Begin PBXProject section */
		EBA4202B167DE0850052D11E /* Project object */ = {
			isa = PBXProject;
			attributes = {
				CLASSPREFIX = MRS;
				LastUpgradeCheck = 0450;
				ORGANIZATIONNAME = "Kazki Miura";
			};
			buildConfigurationList = EBA4202E167DE0850052D11E /* Build configuration list for PBXProject "Mac_REKitSample" */;
			compatibilityVersion = "Xcode 3.2";
			developmentRegion = English;
			hasScannedForEncodings = 0;
			knownRegions = (
				en,
			);
			mainGroup = EBA42029167DE0850052D11E;
			productRefGroup = EBA42035167DE0860052D11E /* Products */;
			projectDirPath = "";
			projectRoot = "";
			targets = (
				EBA42033167DE0860052D11E /* Mac_REKitSample */,
			);
		};
/* End PBXProject section */

/* Begin PBXResourcesBuildPhase section */
		EBA42032167DE0860052D11E /* Resources */ = {
			isa = PBXResourcesBuildPhase;
			buildActionMask = 2147483647;
			files = (
				EBA42043167DE0860052D11E /* InfoPlist.strings in Resources */,
				EBA42049167DE0860052D11E /* Credits.rtf in Resources */,
				EBA4204F167DE0860052D11E /* MainMenu.xib in Resources */,
			);
			runOnlyForDeploymentPostprocessing = 0;
		};
/* End PBXResourcesBuildPhase section */

/* Begin PBXSourcesBuildPhase section */
		EBA42030167DE0860052D11E /* Sources */ = {
			isa = PBXSourcesBuildPhase;
			buildActionMask = 2147483647;
			files = (
				EBA42045167DE0860052D11E /* main.m in Sources */,
				EBA4204C167DE0860052D11E /* MRSAppDelegate.m in Sources */,
			);
			runOnlyForDeploymentPostprocessing = 0;
		};
/* End PBXSourcesBuildPhase section */

/* Begin PBXVariantGroup section */
		EBA42041167DE0860052D11E /* InfoPlist.strings */ = {
			isa = PBXVariantGroup;
			children = (
				EBA42042167DE0860052D11E /* en */,
			);
			name = InfoPlist.strings;
			sourceTree = "<group>";
		};
		EBA42047167DE0860052D11E /* Credits.rtf */ = {
			isa = PBXVariantGroup;
			children = (
				EBA42048167DE0860052D11E /* en */,
			);
			name = Credits.rtf;
			sourceTree = "<group>";
		};
		EBA4204D167DE0860052D11E /* MainMenu.xib */ = {
			isa = PBXVariantGroup;
			children = (
				EBA4204E167DE0860052D11E /* en */,
			);
			name = MainMenu.xib;
			sourceTree = "<group>";
		};
/* End PBXVariantGroup section */

/* Begin XCBuildConfiguration section */
		EBA42050167DE0860052D11E /* Debug */ = {
			isa = XCBuildConfiguration;
			buildSettings = {
				ALWAYS_SEARCH_USER_PATHS = NO;
				ARCHS = "$(ARCHS_STANDARD_64_BIT)";
				CLANG_CXX_LANGUAGE_STANDARD = "gnu++0x";
				CLANG_CXX_LIBRARY = "libc++";
				CLANG_WARN_EMPTY_BODY = YES;
				CLANG_WARN__DUPLICATE_METHOD_MATCH = YES;
				COPY_PHASE_STRIP = NO;
				GCC_C_LANGUAGE_STANDARD = gnu99;
				GCC_DYNAMIC_NO_PIC = NO;
				GCC_ENABLE_OBJC_EXCEPTIONS = YES;
				GCC_OPTIMIZATION_LEVEL = 0;
				GCC_PREPROCESSOR_DEFINITIONS = (
					"DEBUG=1",
					"$(inherited)",
				);
				GCC_SYMBOLS_PRIVATE_EXTERN = NO;
				GCC_WARN_64_TO_32_BIT_CONVERSION = YES;
				GCC_WARN_ABOUT_RETURN_TYPE = YES;
				GCC_WARN_UNINITIALIZED_AUTOS = YES;
				GCC_WARN_UNUSED_VARIABLE = YES;
				MACOSX_DEPLOYMENT_TARGET = 10.7;
				ONLY_ACTIVE_ARCH = YES;
				SDKROOT = macosx;
			};
			name = Debug;
		};
		EBA42051167DE0860052D11E /* Release */ = {
			isa = XCBuildConfiguration;
			buildSettings = {
				ALWAYS_SEARCH_USER_PATHS = NO;
				ARCHS = "$(ARCHS_STANDARD_64_BIT)";
				CLANG_CXX_LANGUAGE_STANDARD = "gnu++0x";
				CLANG_CXX_LIBRARY = "libc++";
				CLANG_WARN_EMPTY_BODY = YES;
				CLANG_WARN__DUPLICATE_METHOD_MATCH = YES;
				COPY_PHASE_STRIP = YES;
				DEBUG_INFORMATION_FORMAT = "dwarf-with-dsym";
				GCC_C_LANGUAGE_STANDARD = gnu99;
				GCC_ENABLE_OBJC_EXCEPTIONS = YES;
				GCC_WARN_64_TO_32_BIT_CONVERSION = YES;
				GCC_WARN_ABOUT_RETURN_TYPE = YES;
				GCC_WARN_UNINITIALIZED_AUTOS = YES;
				GCC_WARN_UNUSED_VARIABLE = YES;
				MACOSX_DEPLOYMENT_TARGET = 10.7;
				SDKROOT = macosx;
			};
			name = Release;
		};
		EBA42053167DE0860052D11E /* Debug */ = {
			isa = XCBuildConfiguration;
			buildSettings = {
				COMBINE_HIDPI_IMAGES = YES;
				GCC_PRECOMPILE_PREFIX_HEADER = YES;
				GCC_PREFIX_HEADER = "Mac_REKitSample/Mac_REKitSample-Prefix.pch";
				INFOPLIST_FILE = "Mac_REKitSample/Mac_REKitSample-Info.plist";
				PRODUCT_NAME = "$(TARGET_NAME)";
				WRAPPER_EXTENSION = app;
			};
			name = Debug;
		};
		EBA42054167DE0860052D11E /* Release */ = {
			isa = XCBuildConfiguration;
			buildSettings = {
				COMBINE_HIDPI_IMAGES = YES;
				GCC_PRECOMPILE_PREFIX_HEADER = YES;
				GCC_PREFIX_HEADER = "Mac_REKitSample/Mac_REKitSample-Prefix.pch";
				INFOPLIST_FILE = "Mac_REKitSample/Mac_REKitSample-Info.plist";
				PRODUCT_NAME = "$(TARGET_NAME)";
				WRAPPER_EXTENSION = app;
			};
			name = Release;
		};
/* End XCBuildConfiguration section */

/* Begin XCConfigurationList section */
		EBA4202E167DE0850052D11E /* Build configuration list for PBXProject "Mac_REKitSample" */ = {
			isa = XCConfigurationList;
			buildConfigurations = (
				EBA42050167DE0860052D11E /* Debug */,
				EBA42051167DE0860052D11E /* Release */,
			);
			defaultConfigurationIsVisible = 0;
			defaultConfigurationName = Release;
		};
		EBA42052167DE0860052D11E /* Build configuration list for PBXNativeTarget "Mac_REKitSample" */ = {
			isa = XCConfigurationList;
			buildConfigurations = (
				EBA42053167DE0860052D11E /* Debug */,
				EBA42054167DE0860052D11E /* Release */,
			);
			defaultConfigurationIsVisible = 0;
		};
/* End XCConfigurationList section */
	};
	rootObject = EBA4202B167DE0850052D11E /* Project object */;
}
