// !$*UTF8*$!
{
	archiveVersion = 1;
	classes = {
	};
	objectVersion = 46;
	objects = {

/* Begin PBXBuildFile section */
		EBA41FC7167DD9550052D11E /* Cocoa.framework in Frameworks */ = {isa = PBXBuildFile; fileRef = EBA41FC6167DD9550052D11E /* Cocoa.framework */; };
		EBA41FD1167DD9550052D11E /* InfoPlist.strings in Resources */ = {isa = PBXBuildFile; fileRef = EBA41FCF167DD9550052D11E /* InfoPlist.strings */; };
		EBA41FD3167DD9550052D11E /* main.m in Sources */ = {isa = PBXBuildFile; fileRef = EBA41FD2167DD9550052D11E /* main.m */; };
		EBA41FD7167DD9550052D11E /* Credits.rtf in Resources */ = {isa = PBXBuildFile; fileRef = EBA41FD5167DD9550052D11E /* Credits.rtf */; };
		EBA41FDA167DD9550052D11E /* RSMacAppDelegate.m in Sources */ = {isa = PBXBuildFile; fileRef = EBA41FD9167DD9550052D11E /* RSMacAppDelegate.m */; };
		EBA41FDD167DD9560052D11E /* MainMenu.xib in Resources */ = {isa = PBXBuildFile; fileRef = EBA41FDB167DD9560052D11E /* MainMenu.xib */; };
/* End PBXBuildFile section */

/* Begin PBXFileReference section */
		EBA41FC2167DD9550052D11E /* REKitSample_Mac.app */ = {isa = PBXFileReference; explicitFileType = wrapper.application; includeInIndex = 0; path = REKitSample_Mac.app; sourceTree = BUILT_PRODUCTS_DIR; };
		EBA41FC6167DD9550052D11E /* Cocoa.framework */ = {isa = PBXFileReference; lastKnownFileType = wrapper.framework; name = Cocoa.framework; path = System/Library/Frameworks/Cocoa.framework; sourceTree = SDKROOT; };
		EBA41FC9167DD9550052D11E /* AppKit.framework */ = {isa = PBXFileReference; lastKnownFileType = wrapper.framework; name = AppKit.framework; path = System/Library/Frameworks/AppKit.framework; sourceTree = SDKROOT; };
		EBA41FCA167DD9550052D11E /* CoreData.framework */ = {isa = PBXFileReference; lastKnownFileType = wrapper.framework; name = CoreData.framework; path = System/Library/Frameworks/CoreData.framework; sourceTree = SDKROOT; };
		EBA41FCB167DD9550052D11E /* Foundation.framework */ = {isa = PBXFileReference; lastKnownFileType = wrapper.framework; name = Foundation.framework; path = System/Library/Frameworks/Foundation.framework; sourceTree = SDKROOT; };
		EBA41FCE167DD9550052D11E /* REKitSample_Mac-Info.plist */ = {isa = PBXFileReference; lastKnownFileType = text.plist.xml; path = "REKitSample_Mac-Info.plist"; sourceTree = "<group>"; };
		EBA41FD0167DD9550052D11E /* en */ = {isa = PBXFileReference; lastKnownFileType = text.plist.strings; name = en; path = en.lproj/InfoPlist.strings; sourceTree = "<group>"; };
		EBA41FD2167DD9550052D11E /* main.m */ = {isa = PBXFileReference; lastKnownFileType = sourcecode.c.objc; path = main.m; sourceTree = "<group>"; };
		EBA41FD4167DD9550052D11E /* REKitSample_Mac-Prefix.pch */ = {isa = PBXFileReference; lastKnownFileType = sourcecode.c.h; path = "REKitSample_Mac-Prefix.pch"; sourceTree = "<group>"; };
		EBA41FD6167DD9550052D11E /* en */ = {isa = PBXFileReference; lastKnownFileType = text.rtf; name = en; path = en.lproj/Credits.rtf; sourceTree = "<group>"; };
		EBA41FD8167DD9550052D11E /* RSMacAppDelegate.h */ = {isa = PBXFileReference; lastKnownFileType = sourcecode.c.h; path = RSMacAppDelegate.h; sourceTree = "<group>"; };
		EBA41FD9167DD9550052D11E /* RSMacAppDelegate.m */ = {isa = PBXFileReference; lastKnownFileType = sourcecode.c.objc; path = RSMacAppDelegate.m; sourceTree = "<group>"; };
		EBA41FDC167DD9560052D11E /* en */ = {isa = PBXFileReference; lastKnownFileType = file.xib; name = en; path = en.lproj/MainMenu.xib; sourceTree = "<group>"; };
/* End PBXFileReference section */

/* Begin PBXFrameworksBuildPhase section */
		EBA41FBF167DD9550052D11E /* Frameworks */ = {
			isa = PBXFrameworksBuildPhase;
			buildActionMask = 2147483647;
			files = (
				EBA41FC7167DD9550052D11E /* Cocoa.framework in Frameworks */,
			);
			runOnlyForDeploymentPostprocessing = 0;
		};
/* End PBXFrameworksBuildPhase section */

/* Begin PBXGroup section */
		EBA41FB7167DD9550052D11E = {
			isa = PBXGroup;
			children = (
				EBA41FCC167DD9550052D11E /* REKitSample_Mac */,
				EBA41FC5167DD9550052D11E /* Frameworks */,
				EBA41FC3167DD9550052D11E /* Products */,
			);
			sourceTree = "<group>";
		};
		EBA41FC3167DD9550052D11E /* Products */ = {
			isa = PBXGroup;
			children = (
				EBA41FC2167DD9550052D11E /* REKitSample_Mac.app */,
			);
			name = Products;
			sourceTree = "<group>";
		};
		EBA41FC5167DD9550052D11E /* Frameworks */ = {
			isa = PBXGroup;
			children = (
				EBA41FC6167DD9550052D11E /* Cocoa.framework */,
				EBA41FC8167DD9550052D11E /* Other Frameworks */,
			);
			name = Frameworks;
			sourceTree = "<group>";
		};
		EBA41FC8167DD9550052D11E /* Other Frameworks */ = {
			isa = PBXGroup;
			children = (
				EBA41FC9167DD9550052D11E /* AppKit.framework */,
				EBA41FCA167DD9550052D11E /* CoreData.framework */,
				EBA41FCB167DD9550052D11E /* Foundation.framework */,
			);
			name = "Other Frameworks";
			sourceTree = "<group>";
		};
		EBA41FCC167DD9550052D11E /* REKitSample_Mac */ = {
			isa = PBXGroup;
			children = (
				EBA41FD8167DD9550052D11E /* RSMacAppDelegate.h */,
				EBA41FD9167DD9550052D11E /* RSMacAppDelegate.m */,
				EBA41FDB167DD9560052D11E /* MainMenu.xib */,
				EBA41FCD167DD9550052D11E /* Supporting Files */,
			);
			path = REKitSample_Mac;
			sourceTree = "<group>";
		};
		EBA41FCD167DD9550052D11E /* Supporting Files */ = {
			isa = PBXGroup;
			children = (
				EBA41FCE167DD9550052D11E /* REKitSample_Mac-Info.plist */,
				EBA41FCF167DD9550052D11E /* InfoPlist.strings */,
				EBA41FD2167DD9550052D11E /* main.m */,
				EBA41FD4167DD9550052D11E /* REKitSample_Mac-Prefix.pch */,
				EBA41FD5167DD9550052D11E /* Credits.rtf */,
			);
			name = "Supporting Files";
			sourceTree = "<group>";
		};
/* End PBXGroup section */

/* Begin PBXNativeTarget section */
		EBA41FC1167DD9550052D11E /* REKitSample_Mac */ = {
			isa = PBXNativeTarget;
			buildConfigurationList = EBA41FE0167DD9560052D11E /* Build configuration list for PBXNativeTarget "REKitSample_Mac" */;
			buildPhases = (
				EBA41FBE167DD9550052D11E /* Sources */,
				EBA41FBF167DD9550052D11E /* Frameworks */,
				EBA41FC0167DD9550052D11E /* Resources */,
			);
			buildRules = (
			);
			dependencies = (
			);
			name = REKitSample_Mac;
			productName = REKitSample_Mac;
			productReference = EBA41FC2167DD9550052D11E /* REKitSample_Mac.app */;
			productType = "com.apple.product-type.application";
		};
/* End PBXNativeTarget section */

/* Begin PBXProject section */
		EBA41FB9167DD9550052D11E /* Project object */ = {
			isa = PBXProject;
			attributes = {
				CLASSPREFIX = RSMac;
				LastUpgradeCheck = 0450;
				ORGANIZATIONNAME = "Kazki Miura";
			};
			buildConfigurationList = EBA41FBC167DD9550052D11E /* Build configuration list for PBXProject "REKitSample_Mac" */;
			compatibilityVersion = "Xcode 3.2";
			developmentRegion = English;
			hasScannedForEncodings = 0;
			knownRegions = (
				en,
			);
			mainGroup = EBA41FB7167DD9550052D11E;
			productRefGroup = EBA41FC3167DD9550052D11E /* Products */;
			projectDirPath = "";
			projectRoot = "";
			targets = (
				EBA41FC1167DD9550052D11E /* REKitSample_Mac */,
			);
		};
/* End PBXProject section */

/* Begin PBXResourcesBuildPhase section */
		EBA41FC0167DD9550052D11E /* Resources */ = {
			isa = PBXResourcesBuildPhase;
			buildActionMask = 2147483647;
			files = (
				EBA41FD1167DD9550052D11E /* InfoPlist.strings in Resources */,
				EBA41FD7167DD9550052D11E /* Credits.rtf in Resources */,
				EBA41FDD167DD9560052D11E /* MainMenu.xib in Resources */,
			);
			runOnlyForDeploymentPostprocessing = 0;
		};
/* End PBXResourcesBuildPhase section */

/* Begin PBXSourcesBuildPhase section */
		EBA41FBE167DD9550052D11E /* Sources */ = {
			isa = PBXSourcesBuildPhase;
			buildActionMask = 2147483647;
			files = (
				EBA41FD3167DD9550052D11E /* main.m in Sources */,
				EBA41FDA167DD9550052D11E /* RSMacAppDelegate.m in Sources */,
			);
			runOnlyForDeploymentPostprocessing = 0;
		};
/* End PBXSourcesBuildPhase section */

/* Begin PBXVariantGroup section */
		EBA41FCF167DD9550052D11E /* InfoPlist.strings */ = {
			isa = PBXVariantGroup;
			children = (
				EBA41FD0167DD9550052D11E /* en */,
			);
			name = InfoPlist.strings;
			sourceTree = "<group>";
		};
		EBA41FD5167DD9550052D11E /* Credits.rtf */ = {
			isa = PBXVariantGroup;
			children = (
				EBA41FD6167DD9550052D11E /* en */,
			);
			name = Credits.rtf;
			sourceTree = "<group>";
		};
		EBA41FDB167DD9560052D11E /* MainMenu.xib */ = {
			isa = PBXVariantGroup;
			children = (
				EBA41FDC167DD9560052D11E /* en */,
			);
			name = MainMenu.xib;
			sourceTree = "<group>";
		};
/* End PBXVariantGroup section */

/* Begin XCBuildConfiguration section */
		EBA41FDE167DD9560052D11E /* Debug */ = {
			isa = XCBuildConfiguration;
			buildSettings = {
				ALWAYS_SEARCH_USER_PATHS = NO;
				ARCHS = "$(ARCHS_STANDARD_64_BIT)";
				CLANG_CXX_LANGUAGE_STANDARD = "gnu++0x";
				CLANG_CXX_LIBRARY = "libc++";
				CLANG_WARN_EMPTY_BODY = YES;
				CLANG_WARN__DUPLICATE_METHOD_MATCH = YES;
				COPY_PHASE_STRIP = NO;
				GCC_C_LANGUAGE_STANDARD = gnu99;
				GCC_DYNAMIC_NO_PIC = NO;
				GCC_ENABLE_OBJC_EXCEPTIONS = YES;
				GCC_OPTIMIZATION_LEVEL = 0;
				GCC_PREPROCESSOR_DEFINITIONS = (
					"DEBUG=1",
					"$(inherited)",
				);
				GCC_SYMBOLS_PRIVATE_EXTERN = NO;
				GCC_WARN_64_TO_32_BIT_CONVERSION = YES;
				GCC_WARN_ABOUT_RETURN_TYPE = YES;
				GCC_WARN_UNINITIALIZED_AUTOS = YES;
				GCC_WARN_UNUSED_VARIABLE = YES;
				MACOSX_DEPLOYMENT_TARGET = 10.7;
				ONLY_ACTIVE_ARCH = YES;
				SDKROOT = macosx;
			};
			name = Debug;
		};
		EBA41FDF167DD9560052D11E /* Release */ = {
			isa = XCBuildConfiguration;
			buildSettings = {
				ALWAYS_SEARCH_USER_PATHS = NO;
				ARCHS = "$(ARCHS_STANDARD_64_BIT)";
				CLANG_CXX_LANGUAGE_STANDARD = "gnu++0x";
				CLANG_CXX_LIBRARY = "libc++";
				CLANG_WARN_EMPTY_BODY = YES;
				CLANG_WARN__DUPLICATE_METHOD_MATCH = YES;
				COPY_PHASE_STRIP = YES;
				DEBUG_INFORMATION_FORMAT = "dwarf-with-dsym";
				GCC_C_LANGUAGE_STANDARD = gnu99;
				GCC_ENABLE_OBJC_EXCEPTIONS = YES;
				GCC_WARN_64_TO_32_BIT_CONVERSION = YES;
				GCC_WARN_ABOUT_RETURN_TYPE = YES;
				GCC_WARN_UNINITIALIZED_AUTOS = YES;
				GCC_WARN_UNUSED_VARIABLE = YES;
				MACOSX_DEPLOYMENT_TARGET = 10.7;
				SDKROOT = macosx;
			};
			name = Release;
		};
		EBA41FE1167DD9560052D11E /* Debug */ = {
			isa = XCBuildConfiguration;
			buildSettings = {
				COMBINE_HIDPI_IMAGES = YES;
				GCC_PRECOMPILE_PREFIX_HEADER = YES;
				GCC_PREFIX_HEADER = "REKitSample_Mac/REKitSample_Mac-Prefix.pch";
				INFOPLIST_FILE = "REKitSample_Mac/REKitSample_Mac-Info.plist";
				PRODUCT_NAME = "$(TARGET_NAME)";
				WRAPPER_EXTENSION = app;
			};
			name = Debug;
		};
		EBA41FE2167DD9560052D11E /* Release */ = {
			isa = XCBuildConfiguration;
			buildSettings = {
				COMBINE_HIDPI_IMAGES = YES;
				GCC_PRECOMPILE_PREFIX_HEADER = YES;
				GCC_PREFIX_HEADER = "REKitSample_Mac/REKitSample_Mac-Prefix.pch";
				INFOPLIST_FILE = "REKitSample_Mac/REKitSample_Mac-Info.plist";
				PRODUCT_NAME = "$(TARGET_NAME)";
				WRAPPER_EXTENSION = app;
			};
			name = Release;
		};
/* End XCBuildConfiguration section */

/* Begin XCConfigurationList section */
		EBA41FBC167DD9550052D11E /* Build configuration list for PBXProject "REKitSample_Mac" */ = {
			isa = XCConfigurationList;
			buildConfigurations = (
				EBA41FDE167DD9560052D11E /* Debug */,
				EBA41FDF167DD9560052D11E /* Release */,
			);
			defaultConfigurationIsVisible = 0;
			defaultConfigurationName = Release;
		};
		EBA41FE0167DD9560052D11E /* Build configuration list for PBXNativeTarget "REKitSample_Mac" */ = {
			isa = XCConfigurationList;
			buildConfigurations = (
				EBA41FE1167DD9560052D11E /* Debug */,
				EBA41FE2167DD9560052D11E /* Release */,
			);
			defaultConfigurationIsVisible = 0;
		};
/* End XCConfigurationList section */
	};
	rootObject = EBA41FB9167DD9550052D11E /* Project object */;
}
